
Microsoft Visual Studio Solution File, Format Version 12.00
# Visual Studio Version 17
VisualStudioVersion = 17.4.33103.184
MinimumVisualStudioVersion = 10.0.40219.1
Project("{FAE04EC0-301F-11D3-BF4B-00C04F79EFBC}") = "Lab05_Avramyshyn", "Lab05_Avramyshyn\Lab05_Avramyshyn.csproj", "{2DB27B51-8525-4638-BE10-5FBDA54D829C}"
EndProject
Global
	GlobalSection(SolutionConfigurationPlatforms) = preSolution
		Debug|Any CPU = Debug|Any CPU
		Release|Any CPU = Release|Any CPU
	EndGlobalSection
	GlobalSection(ProjectConfigurationPlatforms) = postSolution
		{2DB27B51-8525-4638-BE10-5FBDA54D829C}.Debug|Any CPU.ActiveCfg = Debug|Any CPU
		{2DB27B51-8525-4638-BE10-5FBDA54D829C}.Debug|Any CPU.Build.0 = Debug|Any CPU
		{2DB27B51-8525-4638-BE10-5FBDA54D829C}.Release|Any CPU.ActiveCfg = Release|Any CPU
		{2DB27B51-8525-4638-BE10-5FBDA54D829C}.Release|Any CPU.Build.0 = Release|Any CPU
	EndGlobalSection
	GlobalSection(SolutionProperties) = preSolution
		HideSolutionNode = FALSE
	EndGlobalSection
	GlobalSection(ExtensibilityGlobals) = postSolution
		SolutionGuid = {78A84B20-F9FF-4300-9016-08CD6DC2A93F}
	EndGlobalSection
EndGlobal
